
Microsoft Visual Studio Solution File, Format Version 12.00
# Visual Studio 15
VisualStudioVersion = 15.0.27703.2026
MinimumVisualStudioVersion = 10.0.40219.1
Project("{FAE04EC0-301F-11D3-BF4B-00C04F79EFBC}") = "EjemploPolimorfismo", "EjemploPolimorfismo\EjemploPolimorfismo.csproj", "{4CFD6D5D-D590-4BDA-9804-414A9247F885}"
EndProject
Global
	GlobalSection(SolutionConfigurationPlatforms) = preSolution
		Debug|Any CPU = Debug|Any CPU
		Release|Any CPU = Release|Any CPU
	EndGlobalSection
	GlobalSection(ProjectConfigurationPlatforms) = postSolution
		{4CFD6D5D-D590-4BDA-9804-414A9247F885}.Debug|Any CPU.ActiveCfg = Debug|Any CPU
		{4CFD6D5D-D590-4BDA-9804-414A9247F885}.Debug|Any CPU.Build.0 = Debug|Any CPU
		{4CFD6D5D-D590-4BDA-9804-414A9247F885}.Release|Any CPU.ActiveCfg = Release|Any CPU
		{4CFD6D5D-D590-4BDA-9804-414A9247F885}.Release|Any CPU.Build.0 = Release|Any CPU
	EndGlobalSection
	GlobalSection(SolutionProperties) = preSolution
		HideSolutionNode = FALSE
	EndGlobalSection
	GlobalSection(ExtensibilityGlobals) = postSolution
		SolutionGuid = {922CC71B-4D83-4E8C-8C5B-F544CF65E9EF}
	EndGlobalSection
EndGlobal
