
Microsoft Visual Studio Solution File, Format Version 12.00
# Visual Studio 15
VisualStudioVersion = 15.0.27703.2018
MinimumVisualStudioVersion = 10.0.40219.1
Project("{FAE04EC0-301F-11D3-BF4B-00C04F79EFBC}") = "Reminders", "Reminders\Reminders.csproj", "{6FEE8EAB-3E9A-49F1-A604-960F5E6769F6}"
EndProject
Global
	GlobalSection(SolutionConfigurationPlatforms) = preSolution
		Debug|Any CPU = Debug|Any CPU
		Release|Any CPU = Release|Any CPU
	EndGlobalSection
	GlobalSection(ProjectConfigurationPlatforms) = postSolution
		{6FEE8EAB-3E9A-49F1-A604-960F5E6769F6}.Debug|Any CPU.ActiveCfg = Debug|Any CPU
		{6FEE8EAB-3E9A-49F1-A604-960F5E6769F6}.Debug|Any CPU.Build.0 = Debug|Any CPU
		{6FEE8EAB-3E9A-49F1-A604-960F5E6769F6}.Release|Any CPU.ActiveCfg = Release|Any CPU
		{6FEE8EAB-3E9A-49F1-A604-960F5E6769F6}.Release|Any CPU.Build.0 = Release|Any CPU
	EndGlobalSection
	GlobalSection(SolutionProperties) = preSolution
		HideSolutionNode = FALSE
	EndGlobalSection
	GlobalSection(ExtensibilityGlobals) = postSolution
		SolutionGuid = {9AFB5ACF-EF07-4A85-82AE-B3B744308367}
	EndGlobalSection
EndGlobal
